// !$*UTF8*$!
{
	archiveVersion = 1;
	classes = {
	};
	objectVersion = 46;
	objects = {

/* Begin PBXBuildFile section */
		B6CDB3A21B0D6309002BC15E /* AppDelegate.swift in Sources */ = {isa = PBXBuildFile; fileRef = B6CDB3A11B0D6309002BC15E /* AppDelegate.swift */; };
		B6CDB3A41B0D6309002BC15E /* ViewController.swift in Sources */ = {isa = PBXBuildFile; fileRef = B6CDB3A31B0D6309002BC15E /* ViewController.swift */; };
		B6CDB3A71B0D6309002BC15E /* Main.storyboard in Resources */ = {isa = PBXBuildFile; fileRef = B6CDB3A51B0D6309002BC15E /* Main.storyboard */; };
		B6CDB3A91B0D6309002BC15E /* Images.xcassets in Resources */ = {isa = PBXBuildFile; fileRef = B6CDB3A81B0D6309002BC15E /* Images.xcassets */; };
		B6CDB3AC1B0D6309002BC15E /* LaunchScreen.xib in Resources */ = {isa = PBXBuildFile; fileRef = B6CDB3AA1B0D6309002BC15E /* LaunchScreen.xib */; };
		B6CDB3B81B0D6309002BC15E /* ShoeConverterTests.swift in Sources */ = {isa = PBXBuildFile; fileRef = B6CDB3B71B0D6309002BC15E /* ShoeConverterTests.swift */; };
/* End PBXBuildFile section */

/* Begin PBXContainerItemProxy section */
		B6CDB3B21B0D6309002BC15E /* PBXContainerItemProxy */ = {
			isa = PBXContainerItemProxy;
			containerPortal = B6CDB3941B0D6309002BC15E /* Project object */;
			proxyType = 1;
			remoteGlobalIDString = B6CDB39B1B0D6309002BC15E;
			remoteInfo = ShoeConverter;
		};
/* End PBXContainerItemProxy section */

/* Begin PBXFileReference section */
		B6CDB39C1B0D6309002BC15E /* ShoeConverter.app */ = {isa = PBXFileReference; explicitFileType = wrapper.application; includeInIndex = 0; path = ShoeConverter.app; sourceTree = BUILT_PRODUCTS_DIR; };
		B6CDB3A01B0D6309002BC15E /* Info.plist */ = {isa = PBXFileReference; lastKnownFileType = text.plist.xml; path = Info.plist; sourceTree = "<group>"; };
		B6CDB3A11B0D6309002BC15E /* AppDelegate.swift */ = {isa = PBXFileReference; lastKnownFileType = sourcecode.swift; path = AppDelegate.swift; sourceTree = "<group>"; };
		B6CDB3A31B0D6309002BC15E /* ViewController.swift */ = {isa = PBXFileReference; lastKnownFileType = sourcecode.swift; path = ViewController.swift; sourceTree = "<group>"; };
		B6CDB3A61B0D6309002BC15E /* Base */ = {isa = PBXFileReference; lastKnownFileType = file.storyboard; name = Base; path = Base.lproj/Main.storyboard; sourceTree = "<group>"; };
		B6CDB3A81B0D6309002BC15E /* Images.xcassets */ = {isa = PBXFileReference; lastKnownFileType = folder.assetcatalog; path = Images.xcassets; sourceTree = "<group>"; };
		B6CDB3AB1B0D6309002BC15E /* Base */ = {isa = PBXFileReference; lastKnownFileType = file.xib; name = Base; path = Base.lproj/LaunchScreen.xib; sourceTree = "<group>"; };
		B6CDB3B11B0D6309002BC15E /* ShoeConverterTests.xctest */ = {isa = PBXFileReference; explicitFileType = wrapper.cfbundle; includeInIndex = 0; path = ShoeConverterTests.xctest; sourceTree = BUILT_PRODUCTS_DIR; };
		B6CDB3B61B0D6309002BC15E /* Info.plist */ = {isa = PBXFileReference; lastKnownFileType = text.plist.xml; path = Info.plist; sourceTree = "<group>"; };
		B6CDB3B71B0D6309002BC15E /* ShoeConverterTests.swift */ = {isa = PBXFileReference; lastKnownFileType = sourcecode.swift; path = ShoeConverterTests.swift; sourceTree = "<group>"; };
/* End PBXFileReference section */

/* Begin PBXFrameworksBuildPhase section */
		B6CDB3991B0D6309002BC15E /* Frameworks */ = {
			isa = PBXFrameworksBuildPhase;
			buildActionMask = 2147483647;
			files = (
			);
			runOnlyForDeploymentPostprocessing = 0;
		};
		B6CDB3AE1B0D6309002BC15E /* Frameworks */ = {
			isa = PBXFrameworksBuildPhase;
			buildActionMask = 2147483647;
			files = (
			);
			runOnlyForDeploymentPostprocessing = 0;
		};
/* End PBXFrameworksBuildPhase section */

/* Begin PBXGroup section */
		B6CDB3931B0D6309002BC15E = {
			isa = PBXGroup;
			children = (
				B6CDB39E1B0D6309002BC15E /* ShoeConverter */,
				B6CDB3B41B0D6309002BC15E /* ShoeConverterTests */,
				B6CDB39D1B0D6309002BC15E /* Products */,
			);
			sourceTree = "<group>";
		};
		B6CDB39D1B0D6309002BC15E /* Products */ = {
			isa = PBXGroup;
			children = (
				B6CDB39C1B0D6309002BC15E /* ShoeConverter.app */,
				B6CDB3B11B0D6309002BC15E /* ShoeConverterTests.xctest */,
			);
			name = Products;
			sourceTree = "<group>";
		};
		B6CDB39E1B0D6309002BC15E /* ShoeConverter */ = {
			isa = PBXGroup;
			children = (
				B6CDB3A11B0D6309002BC15E /* AppDelegate.swift */,
				B6CDB3A31B0D6309002BC15E /* ViewController.swift */,
				B6CDB3A51B0D6309002BC15E /* Main.storyboard */,
				B6CDB3A81B0D6309002BC15E /* Images.xcassets */,
				B6CDB3AA1B0D6309002BC15E /* LaunchScreen.xib */,
				B6CDB39F1B0D6309002BC15E /* Supporting Files */,
			);
			path = ShoeConverter;
			sourceTree = "<group>";
		};
		B6CDB39F1B0D6309002BC15E /* Supporting Files */ = {
			isa = PBXGroup;
			children = (
				B6CDB3A01B0D6309002BC15E /* Info.plist */,
			);
			name = "Supporting Files";
			sourceTree = "<group>";
		};
		B6CDB3B41B0D6309002BC15E /* ShoeConverterTests */ = {
			isa = PBXGroup;
			children = (
				B6CDB3B71B0D6309002BC15E /* ShoeConverterTests.swift */,
				B6CDB3B51B0D6309002BC15E /* Supporting Files */,
			);
			path = ShoeConverterTests;
			sourceTree = "<group>";
		};
		B6CDB3B51B0D6309002BC15E /* Supporting Files */ = {
			isa = PBXGroup;
			children = (
				B6CDB3B61B0D6309002BC15E /* Info.plist */,
			);
			name = "Supporting Files";
			sourceTree = "<group>";
		};
/* End PBXGroup section */

/* Begin PBXNativeTarget section */
		B6CDB39B1B0D6309002BC15E /* ShoeConverter */ = {
			isa = PBXNativeTarget;
			buildConfigurationList = B6CDB3BB1B0D6309002BC15E /* Build configuration list for PBXNativeTarget "ShoeConverter" */;
			buildPhases = (
				B6CDB3981B0D6309002BC15E /* Sources */,
				B6CDB3991B0D6309002BC15E /* Frameworks */,
				B6CDB39A1B0D6309002BC15E /* Resources */,
			);
			buildRules = (
			);
			dependencies = (
			);
			name = ShoeConverter;
			productName = ShoeConverter;
			productReference = B6CDB39C1B0D6309002BC15E /* ShoeConverter.app */;
			productType = "com.apple.product-type.application";
		};
		B6CDB3B01B0D6309002BC15E /* ShoeConverterTests */ = {
			isa = PBXNativeTarget;
			buildConfigurationList = B6CDB3BE1B0D6309002BC15E /* Build configuration list for PBXNativeTarget "ShoeConverterTests" */;
			buildPhases = (
				B6CDB3AD1B0D6309002BC15E /* Sources */,
				B6CDB3AE1B0D6309002BC15E /* Frameworks */,
				B6CDB3AF1B0D6309002BC15E /* Resources */,
			);
			buildRules = (
			);
			dependencies = (
				B6CDB3B31B0D6309002BC15E /* PBXTargetDependency */,
			);
			name = ShoeConverterTests;
			productName = ShoeConverterTests;
			productReference = B6CDB3B11B0D6309002BC15E /* ShoeConverterTests.xctest */;
			productType = "com.apple.product-type.bundle.unit-test";
		};
/* End PBXNativeTarget section */

/* Begin PBXProject section */
		B6CDB3941B0D6309002BC15E /* Project object */ = {
			isa = PBXProject;
			attributes = {
				LastUpgradeCheck = 0630;
				ORGANIZATIONNAME = "Greg McMillan";
				TargetAttributes = {
					B6CDB39B1B0D6309002BC15E = {
						CreatedOnToolsVersion = 6.3.2;
					};
					B6CDB3B01B0D6309002BC15E = {
						CreatedOnToolsVersion = 6.3.2;
						TestTargetID = B6CDB39B1B0D6309002BC15E;
					};
				};
			};
			buildConfigurationList = B6CDB3971B0D6309002BC15E /* Build configuration list for PBXProject "ShoeConverter" */;
			compatibilityVersion = "Xcode 3.2";
			developmentRegion = English;
			hasScannedForEncodings = 0;
			knownRegions = (
				en,
				Base,
			);
			mainGroup = B6CDB3931B0D6309002BC15E;
			productRefGroup = B6CDB39D1B0D6309002BC15E /* Products */;
			projectDirPath = "";
			projectRoot = "";
			targets = (
				B6CDB39B1B0D6309002BC15E /* ShoeConverter */,
				B6CDB3B01B0D6309002BC15E /* ShoeConverterTests */,
			);
		};
/* End PBXProject section */

/* Begin PBXResourcesBuildPhase section */
		B6CDB39A1B0D6309002BC15E /* Resources */ = {
			isa = PBXResourcesBuildPhase;
			buildActionMask = 2147483647;
			files = (
				B6CDB3A71B0D6309002BC15E /* Main.storyboard in Resources */,
				B6CDB3AC1B0D6309002BC15E /* LaunchScreen.xib in Resources */,
				B6CDB3A91B0D6309002BC15E /* Images.xcassets in Resources */,
			);
			runOnlyForDeploymentPostprocessing = 0;
		};
		B6CDB3AF1B0D6309002BC15E /* Resources */ = {
			isa = PBXResourcesBuildPhase;
			buildActionMask = 2147483647;
			files = (
			);
			runOnlyForDeploymentPostprocessing = 0;
		};
/* End PBXResourcesBuildPhase section */

/* Begin PBXSourcesBuildPhase section */
		B6CDB3981B0D6309002BC15E /* Sources */ = {
			isa = PBXSourcesBuildPhase;
			buildActionMask = 2147483647;
			files = (
				B6CDB3A41B0D6309002BC15E /* ViewController.swift in Sources */,
				B6CDB3A21B0D6309002BC15E /* AppDelegate.swift in Sources */,
			);
			runOnlyForDeploymentPostprocessing = 0;
		};
		B6CDB3AD1B0D6309002BC15E /* Sources */ = {
			isa = PBXSourcesBuildPhase;
			buildActionMask = 2147483647;
			files = (
				B6CDB3B81B0D6309002BC15E /* ShoeConverterTests.swift in Sources */,
			);
			runOnlyForDeploymentPostprocessing = 0;
		};
/* End PBXSourcesBuildPhase section */

/* Begin PBXTargetDependency section */
		B6CDB3B31B0D6309002BC15E /* PBXTargetDependency */ = {
			isa = PBXTargetDependency;
			target = B6CDB39B1B0D6309002BC15E /* ShoeConverter */;
			targetProxy = B6CDB3B21B0D6309002BC15E /* PBXContainerItemProxy */;
		};
/* End PBXTargetDependency section */

/* Begin PBXVariantGroup section */
		B6CDB3A51B0D6309002BC15E /* Main.storyboard */ = {
			isa = PBXVariantGroup;
			children = (
				B6CDB3A61B0D6309002BC15E /* Base */,
			);
			name = Main.storyboard;
			sourceTree = "<group>";
		};
		B6CDB3AA1B0D6309002BC15E /* LaunchScreen.xib */ = {
			isa = PBXVariantGroup;
			children = (
				B6CDB3AB1B0D6309002BC15E /* Base */,
			);
			name = LaunchScreen.xib;
			sourceTree = "<group>";
		};
/* End PBXVariantGroup section */

/* Begin XCBuildConfiguration section */
		B6CDB3B91B0D6309002BC15E /* Debug */ = {
			isa = XCBuildConfiguration;
			buildSettings = {
				ALWAYS_SEARCH_USER_PATHS = NO;
				CLANG_CXX_LANGUAGE_STANDARD = "gnu++0x";
				CLANG_CXX_LIBRARY = "libc++";
				CLANG_ENABLE_MODULES = YES;
				CLANG_ENABLE_OBJC_ARC = YES;
				CLANG_WARN_BOOL_CONVERSION = YES;
				CLANG_WARN_CONSTANT_CONVERSION = YES;
				CLANG_WARN_DIRECT_OBJC_ISA_USAGE = YES_ERROR;
				CLANG_WARN_EMPTY_BODY = YES;
				CLANG_WARN_ENUM_CONVERSION = YES;
				CLANG_WARN_INT_CONVERSION = YES;
				CLANG_WARN_OBJC_ROOT_CLASS = YES_ERROR;
				CLANG_WARN_UNREACHABLE_CODE = YES;
				CLANG_WARN__DUPLICATE_METHOD_MATCH = YES;
				"CODE_SIGN_IDENTITY[sdk=iphoneos*]" = "iPhone Developer";
				COPY_PHASE_STRIP = NO;
				DEBUG_INFORMATION_FORMAT = "dwarf-with-dsym";
				ENABLE_STRICT_OBJC_MSGSEND = YES;
				GCC_C_LANGUAGE_STANDARD = gnu99;
				GCC_DYNAMIC_NO_PIC = NO;
				GCC_NO_COMMON_BLOCKS = YES;
				GCC_OPTIMIZATION_LEVEL = 0;
				GCC_PREPROCESSOR_DEFINITIONS = (
					"DEBUG=1",
					"$(inherited)",
				);
				GCC_SYMBOLS_PRIVATE_EXTERN = NO;
				GCC_WARN_64_TO_32_BIT_CONVERSION = YES;
				GCC_WARN_ABOUT_RETURN_TYPE = YES_ERROR;
				GCC_WARN_UNDECLARED_SELECTOR = YES;
				GCC_WARN_UNINITIALIZED_AUTOS = YES_AGGRESSIVE;
				GCC_WARN_UNUSED_FUNCTION = YES;
				GCC_WARN_UNUSED_VARIABLE = YES;
				IPHONEOS_DEPLOYMENT_TARGET = 8.3;
				MTL_ENABLE_DEBUG_INFO = YES;
				ONLY_ACTIVE_ARCH = YES;
				SDKROOT = iphoneos;
				SWIFT_OPTIMIZATION_LEVEL = "-Onone";
				TARGETED_DEVICE_FAMILY = "1,2";
			};
			name = Debug;
		};
		B6CDB3BA1B0D6309002BC15E /* Release */ = {
			isa = XCBuildConfiguration;
			buildSettings = {
				ALWAYS_SEARCH_USER_PATHS = NO;
				CLANG_CXX_LANGUAGE_STANDARD = "gnu++0x";
				CLANG_CXX_LIBRARY = "libc++";
				CLANG_ENABLE_MODULES = YES;
				CLANG_ENABLE_OBJC_ARC = YES;
				CLANG_WARN_BOOL_CONVERSION = YES;
				CLANG_WARN_CONSTANT_CONVERSION = YES;
				CLANG_WARN_DIRECT_OBJC_ISA_USAGE = YES_ERROR;
				CLANG_WARN_EMPTY_BODY = YES;
				CLANG_WARN_ENUM_CONVERSION = YES;
				CLANG_WARN_INT_CONVERSION = YES;
				CLANG_WARN_OBJC_ROOT_CLASS = YES_ERROR;
				CLANG_WARN_UNREACHABLE_CODE = YES;
				CLANG_WARN__DUPLICATE_METHOD_MATCH = YES;
				"CODE_SIGN_IDENTITY[sdk=iphoneos*]" = "iPhone Developer";
				COPY_PHASE_STRIP = NO;
				DEBUG_INFORMATION_FORMAT = "dwarf-with-dsym";
				ENABLE_NS_ASSERTIONS = NO;
				ENABLE_STRICT_OBJC_MSGSEND = YES;
				GCC_C_LANGUAGE_STANDARD = gnu99;
				GCC_NO_COMMON_BLOCKS = YES;
				GCC_WARN_64_TO_32_BIT_CONVERSION = YES;
				GCC_WARN_ABOUT_RETURN_TYPE = YES_ERROR;
				GCC_WARN_UNDECLARED_SELECTOR = YES;
				GCC_WARN_UNINITIALIZED_AUTOS = YES_AGGRESSIVE;
				GCC_WARN_UNUSED_FUNCTION = YES;
				GCC_WARN_UNUSED_VARIABLE = YES;
				IPHONEOS_DEPLOYMENT_TARGET = 8.3;
				MTL_ENABLE_DEBUG_INFO = NO;
				SDKROOT = iphoneos;
				TARGETED_DEVICE_FAMILY = "1,2";
				VALIDATE_PRODUCT = YES;
			};
			name = Release;
		};
		B6CDB3BC1B0D6309002BC15E /* Debug */ = {
			isa = XCBuildConfiguration;
			buildSettings = {
				ASSETCATALOG_COMPILER_APPICON_NAME = AppIcon;
				INFOPLIST_FILE = ShoeConverter/Info.plist;
				LD_RUNPATH_SEARCH_PATHS = "$(inherited) @executable_path/Frameworks";
				PRODUCT_NAME = "$(TARGET_NAME)";
			};
			name = Debug;
		};
		B6CDB3BD1B0D6309002BC15E /* Release */ = {
			isa = XCBuildConfiguration;
			buildSettings = {
				ASSETCATALOG_COMPILER_APPICON_NAME = AppIcon;
				INFOPLIST_FILE = ShoeConverter/Info.plist;
				LD_RUNPATH_SEARCH_PATHS = "$(inherited) @executable_path/Frameworks";
				PRODUCT_NAME = "$(TARGET_NAME)";
			};
			name = Release;
		};
		B6CDB3BF1B0D6309002BC15E /* Debug */ = {
			isa = XCBuildConfiguration;
			buildSettings = {
				BUNDLE_LOADER = "$(TEST_HOST)";
				FRAMEWORK_SEARCH_PATHS = (
					"$(SDKROOT)/Developer/Library/Frameworks",
					"$(inherited)",
				);
				GCC_PREPROCESSOR_DEFINITIONS = (
					"DEBUG=1",
					"$(inherited)",
				);
				INFOPLIST_FILE = ShoeConverterTests/Info.plist;
				LD_RUNPATH_SEARCH_PATHS = "$(inherited) @executable_path/Frameworks @loader_path/Frameworks";
				PRODUCT_NAME = "$(TARGET_NAME)";
				TEST_HOST = "$(BUILT_PRODUCTS_DIR)/ShoeConverter.app/ShoeConverter";
			};
			name = Debug;
		};
		B6CDB3C01B0D6309002BC15E /* Release */ = {
			isa = XCBuildConfiguration;
			buildSettings = {
				BUNDLE_LOADER = "$(TEST_HOST)";
				FRAMEWORK_SEARCH_PATHS = (
					"$(SDKROOT)/Developer/Library/Frameworks",
					"$(inherited)",
				);
				INFOPLIST_FILE = ShoeConverterTests/Info.plist;
				LD_RUNPATH_SEARCH_PATHS = "$(inherited) @executable_path/Frameworks @loader_path/Frameworks";
				PRODUCT_NAME = "$(TARGET_NAME)";
				TEST_HOST = "$(BUILT_PRODUCTS_DIR)/ShoeConverter.app/ShoeConverter";
			};
			name = Release;
		};
/* End XCBuildConfiguration section */

/* Begin XCConfigurationList section */
		B6CDB3971B0D6309002BC15E /* Build configuration list for PBXProject "ShoeConverter" */ = {
			isa = XCConfigurationList;
			buildConfigurations = (
				B6CDB3B91B0D6309002BC15E /* Debug */,
				B6CDB3BA1B0D6309002BC15E /* Release */,
			);
			defaultConfigurationIsVisible = 0;
			defaultConfigurationName = Release;
		};
		B6CDB3BB1B0D6309002BC15E /* Build configuration list for PBXNativeTarget "ShoeConverter" */ = {
			isa = XCConfigurationList;
			buildConfigurations = (
				B6CDB3BC1B0D6309002BC15E /* Debug */,
				B6CDB3BD1B0D6309002BC15E /* Release */,
			);
			defaultConfigurationIsVisible = 0;
		};
		B6CDB3BE1B0D6309002BC15E /* Build configuration list for PBXNativeTarget "ShoeConverterTests" */ = {
			isa = XCConfigurationList;
			buildConfigurations = (
				B6CDB3BF1B0D6309002BC15E /* Debug */,
				B6CDB3C01B0D6309002BC15E /* Release */,
			);
			defaultConfigurationIsVisible = 0;
		};
/* End XCConfigurationList section */
	};
	rootObject = B6CDB3941B0D6309002BC15E /* Project object */;
}
